lockfile = 1

[[sources]]
name = "awscli2"
path = "https://awscli.amazonaws.com/AWSCLIV2-2.33.1.pkg"
includes = []
excludes = []
digest = "7debfa42bc88109f226700e6c2620ef19497d51932d9d6d8859791fd5f470b20"
platform = "aarch64-darwin"

[[sources]]
name = "bat"
path = "https://github.com/sharkdp/bat/releases/download/v0.25.0/bat-v0.25.0-aarch64-apple-darwin.tar.gz"
includes = []
excludes = []
digest = "3abca7df1be4d52ef37ccd22f0b01da87f149f4ca1f74633d53deba87d98b078"
platform = "aarch64-darwin"

[[sources]]
name = "cargo"
path = "https://static.rust-lang.org/dist/cargo-1.93.1-aarch64-apple-darwin.tar.gz"
includes = []
excludes = []
digest = "ad2506123158e906da7e118e4077dfca5995ee120e2693444a3647b7249be808"
platform = "aarch64-darwin"

[[sources]]
name = "clippy"
path = "https://static.rust-lang.org/dist/clippy-1.93.1-aarch64-apple-darwin.tar.gz"
includes = []
excludes = []
digest = "098f2d1d808bc417bfa1dc63419ffedb1781ca65dd780858c0f8f67e9decb57b"
platform = "aarch64-darwin"

[[sources]]
name = "direnv"
path = "https://github.com/direnv/direnv/releases/download/v2.37.1/direnv.darwin-arm64"
includes = []
excludes = []
digest = "8204ab746effc28aa1dd329c50b585e86ff322607f255bea09e2bd654b4fcdb8"
platform = "aarch64-darwin"

[[sources]]
name = "doppler"
path = "https://github.com/DopplerHQ/cli/releases/download/3.75.1/doppler_3.75.1_macOS_arm64.tar.gz"
includes = []
excludes = []
digest = "cc2860da598bb056f8f1a11a781f56ddf194ab3b2b5976a881b93465ec0d2274"
platform = "aarch64-darwin"

[[sources]]
name = "fd"
path = "https://github.com/sharkdp/fd/releases/download/v10.2.0/fd-v10.2.0-aarch64-apple-darwin.tar.gz"
includes = []
excludes = []
digest = "0908501901ff99232aa75a18bf9409e80dae10742dc3759a67249bca5a459490"
platform = "aarch64-darwin"

[[sources]]
name = "fzf"
path = "https://github.com/junegunn/fzf/releases/download/v0.70.0/fzf-0.70.0-darwin_arm64.tar.gz"
includes = []
excludes = []
digest = "0c48ed17e428e6e092964d3dba0f11ac8138b5964c9f4305965e200b98ad4f8e"
platform = "aarch64-darwin"

[[sources]]
name = "gh"
path = "https://github.com/cli/cli/releases/download/v2.87.3/gh_2.87.3_macOS_arm64.zip"
includes = []
excludes = []
digest = "d126f084c14a7f32dccfde5ede0770e5359a09a6413bed914ef5d0ca09f21236"
platform = "aarch64-darwin"

[[sources]]
name = "git"
path = "https://www.kernel.org/pub/software/scm/git/git-2.53.0.tar.gz"
includes = []
excludes = []
digest = "4c08acf32a9dd52cb4f64d1835bade4128af51dd85742245987643cde0aeb9b1"
platform = "aarch64-darwin"

[[sources]]
name = "go"
path = "https://go.dev/dl/go1.26.0.darwin-arm64.tar.gz"
includes = []
excludes = []
digest = "83d3ebad7958766647de4d3a8a1b2d3860da607632ac07889085b933e3e97f0f"
platform = "aarch64-darwin"

[[sources]]
name = "gopls"
path = "https://go.googlesource.com/tools/+archive/refs/tags/v0.42.0.tar.gz"
includes = []
excludes = []
digest = "411df8f3301010012a491337a4f5fa884fbcc323fe7e9ad75aa470f4bf921c56"
platform = "aarch64-darwin"

[[sources]]
name = "jj"
path = "https://github.com/jj-vcs/jj/releases/download/v0.37.0/jj-v0.37.0-aarch64-apple-darwin.tar.gz"
includes = []
excludes = []
digest = "1550c0eb485b0887aa2bfbc1b071836773d3c53459b2fa0bba8b8a4ce68c4523"
platform = "aarch64-darwin"

[[sources]]
name = "jq"
path = "https://github.com/jqlang/jq/releases/download/jq-1.8.1/jq-macos-arm64"
includes = []
excludes = []
digest = "718c0fbb8f728c4b62cac2e65dba61cbdf2eed5e7eff38681097ec7b04dd815a"
platform = "aarch64-darwin"

[[sources]]
name = "k9s"
path = "https://github.com/derailed/k9s/releases/download/v0.50.18/k9s_Darwin_arm64.tar.gz"
includes = []
excludes = []
digest = "c27c31b3c2caab9209b54d9e5e61cbd8c39a112c84e076c3a1f6c376fa05e1b3"
platform = "aarch64-darwin"

[[sources]]
name = "kubectl"
path = "https://dl.k8s.io/release/v1.35.0/bin/darwin/arm64/kubectl"
includes = []
excludes = []
digest = "d1f8429a0744371b107f4d1a6259f6468f5ceaebb3bd209edf0a811820a2cc2d"
platform = "aarch64-darwin"

[[sources]]
name = "lazygit"
path = "https://github.com/jesseduffield/lazygit/releases/download/v0.44.1/lazygit_0.44.1_Darwin_arm64.tar.gz"
includes = []
excludes = []
digest = "42dd9183e9692a5a73ad4dfa109f06e67c1c7cd172afdb3d66a1fc4a5ee4c892"
platform = "aarch64-darwin"

[[sources]]
name = "libevent"
path = "https://github.com/libevent/libevent/releases/download/release-2.1.12-stable/libevent-2.1.12-stable.tar.gz"
includes = []
excludes = []
digest = "22fdbe5a18db114046227ccde47cc8fbe11fa9ee2170b235f949275a161853ee"
platform = "aarch64-darwin"

[[sources]]
name = "ncurses"
path = "https://invisible-mirror.net/archives/ncurses/current/ncurses-6.5-20250809.tgz"
includes = []
excludes = []
digest = "e67077219f4e56cc6cc56958104a9271871ef65ef7985081aced1fd5024f9f47"
platform = "aarch64-darwin"

[[sources]]
name = "nnn"
path = "https://github.com/jarun/nnn/archive/refs/tags/v5.1.tar.gz"
includes = []
excludes = []
digest = "a0a9e0cff52847ffdd91673adc7dffbda2177e67a87d7fdba5717c898ea0518f"
platform = "aarch64-darwin"

[[sources]]
name = "pkg-config"
path = "https://pkgconfig.freedesktop.org/releases/pkg-config-0.29.2.tar.gz"
includes = []
excludes = []
digest = "db043f5df7971d9bf97a81c75a46c4656e1a6235c05edad48d11a9314df5363f"
platform = "aarch64-darwin"

[[sources]]
name = "protoc"
path = "https://github.com/protocolbuffers/protobuf/releases/download/v34.0/protoc-34.0-osx-aarch_64.zip"
includes = []
excludes = []
digest = "f45e1434669e1f88fd6f7ebf750388ef3135f5477fd7e34d7531e3c18f4751f3"
platform = "aarch64-darwin"

[[sources]]
name = "readline"
path = "https://ftpmirror.gnu.org/readline/readline-8.2.tar.gz"
includes = []
excludes = []
digest = "bd548669e2e324cf1450a04897779301c20f6ccb161f2f6ede7584cab56ce83f"
platform = "aarch64-darwin"

[[sources]]
name = "ripgrep"
path = "https://github.com/BurntSushi/ripgrep/releases/download/14.1.1/ripgrep-14.1.1-aarch64-apple-darwin.tar.gz"
includes = []
excludes = []
digest = "eb0c1779060a651e1288e5a3a6f3d5e3460a2955b64f9d71feefa444ceb52b54"
platform = "aarch64-darwin"

[[sources]]
name = "rust-analyzer"
path = "https://static.rust-lang.org/dist/rust-analyzer-1.93.1-aarch64-apple-darwin.tar.gz"
includes = []
excludes = []
digest = "5389db13945d33e320e4ddb44c558fda83923ceeac0d9931d6deae8ec2373bd6"
platform = "aarch64-darwin"

[[sources]]
name = "rust-src"
path = "https://static.rust-lang.org/dist/rust-src-1.93.1.tar.gz"
includes = []
excludes = []
digest = "52da4bcd8bd8e2d0ae2635e1503efa8f5838bd18958b983d52336d73896e7172"
platform = "aarch64-darwin"

[[sources]]
name = "rust-std"
path = "https://static.rust-lang.org/dist/rust-std-1.93.1-aarch64-apple-darwin.tar.gz"
includes = []
excludes = []
digest = "0db6b692d4782e80abd92bd18a1f0797229472c62f40417cdc975fb8f3413ee3"
platform = "aarch64-darwin"

[[sources]]
name = "rustc"
path = "https://static.rust-lang.org/dist/rustc-1.93.1-aarch64-apple-darwin.tar.gz"
includes = []
excludes = []
digest = "53c9d5b83e6f2c6b826d29043e36c104a179cc8eeb354424d1799632ec82bd3a"
platform = "aarch64-darwin"

[[sources]]
name = "rustfmt"
path = "https://static.rust-lang.org/dist/rustfmt-1.93.1-aarch64-apple-darwin.tar.gz"
includes = []
excludes = []
digest = "17b27bfbf46861bc587e5dc0e04fbc32cbd02f9b111867ffc79653261de7796a"
platform = "aarch64-darwin"

[[sources]]
name = "sesh"
path = "https://github.com/joshmedeski/sesh/releases/download/v2.24.2/sesh_Darwin_arm64.tar.gz"
includes = []
excludes = []
digest = "2efb04b9de0b7bc99f87ab3e2a0f20fa9de946f162b45b362a1b626849a19cf7"
platform = "aarch64-darwin"

[[sources]]
name = "tmux"
path = "https://github.com/tmux/tmux/releases/download/3.5a/tmux-3.5a.tar.gz"
includes = []
excludes = []
digest = "70691bfbbe623d25d99561192dfb52211ca7e1fa120271c57ae56fe24ca97521"
platform = "aarch64-darwin"

[[sources]]
name = "user-bat-theme"
path = "https://raw.githubusercontent.com/folke/tokyonight.nvim/refs/tags/v4.14.1/extras/sublime/tokyonight_night.tmTheme"
includes = []
excludes = []
digest = "d28f08c120bea39b2f4c8700443d6ea9c2c5e7de01adf839789eeae81a484bf0"
platform = "aarch64-darwin"

[[sources]]
name = "zoxide"
path = "https://github.com/ajeetdsouza/zoxide/releases/download/v0.9.9/zoxide-0.9.9-aarch64-apple-darwin.tar.gz"
includes = []
excludes = []
digest = "cc76b3bfa120e009ea5489f6d77157695534ad4818f0b3d33080beeb98b7fe7b"
platform = "aarch64-darwin"
